
Microsoft Visual Studio Solution File, Format Version 12.00
# Visual Studio Version 17
VisualStudioVersion = 17.9.34616.47
MinimumVisualStudioVersion = 10.0.40219.1
Project("{FAE04EC0-301F-11D3-BF4B-00C04F79EFBC}") = "BbqApp", "BbqApp\BbqApp.csproj", "{511CF219-6182-4FE0-8254-CFC036F0FE80}"
EndProject
Project("{FAE04EC0-301F-11D3-BF4B-00C04F79EFBC}") = "Services", "Services\Services.csproj", "{3219CF6F-7787-4F71-AABD-267633EA8657}"
EndProject
Project("{FAE04EC0-301F-11D3-BF4B-00C04F79EFBC}") = "DataAccess", "DataAccess\DataAccess.csproj", "{DFDC1A16-60BD-4A48-B0CD-AE92D1165DC5}"
EndProject
Project("{FAE04EC0-301F-11D3-BF4B-00C04F79EFBC}") = "DomainModels", "DomainModels\DomainModels.csproj", "{D4D0B9C4-9DA3-4B73-92EF-90E102282D92}"
EndProject
Project("{FAE04EC0-301F-11D3-BF4B-00C04F79EFBC}") = "ViewModels", "ViewModels\ViewModels.csproj", "{C51936CD-FA35-4771-91F3-14963E718968}"
EndProject
Global
	GlobalSection(SolutionConfigurationPlatforms) = preSolution
		Debug|Any CPU = Debug|Any CPU
		Release|Any CPU = Release|Any CPU
	EndGlobalSection
	GlobalSection(ProjectConfigurationPlatforms) = postSolution
		{511CF219-6182-4FE0-8254-CFC036F0FE80}.Debug|Any CPU.ActiveCfg = Debug|Any CPU
		{511CF219-6182-4FE0-8254-CFC036F0FE80}.Debug|Any CPU.Build.0 = Debug|Any CPU
		{511CF219-6182-4FE0-8254-CFC036F0FE80}.Release|Any CPU.ActiveCfg = Release|Any CPU
		{511CF219-6182-4FE0-8254-CFC036F0FE80}.Release|Any CPU.Build.0 = Release|Any CPU
		{3219CF6F-7787-4F71-AABD-267633EA8657}.Debug|Any CPU.ActiveCfg = Debug|Any CPU
		{3219CF6F-7787-4F71-AABD-267633EA8657}.Debug|Any CPU.Build.0 = Debug|Any CPU
		{3219CF6F-7787-4F71-AABD-267633EA8657}.Release|Any CPU.ActiveCfg = Release|Any CPU
		{3219CF6F-7787-4F71-AABD-267633EA8657}.Release|Any CPU.Build.0 = Release|Any CPU
		{DFDC1A16-60BD-4A48-B0CD-AE92D1165DC5}.Debug|Any CPU.ActiveCfg = Debug|Any CPU
		{DFDC1A16-60BD-4A48-B0CD-AE92D1165DC5}.Debug|Any CPU.Build.0 = Debug|Any CPU
		{DFDC1A16-60BD-4A48-B0CD-AE92D1165DC5}.Release|Any CPU.ActiveCfg = Release|Any CPU
		{DFDC1A16-60BD-4A48-B0CD-AE92D1165DC5}.Release|Any CPU.Build.0 = Release|Any CPU
		{D4D0B9C4-9DA3-4B73-92EF-90E102282D92}.Debug|Any CPU.ActiveCfg = Debug|Any CPU
		{D4D0B9C4-9DA3-4B73-92EF-90E102282D92}.Debug|Any CPU.Build.0 = Debug|Any CPU
		{D4D0B9C4-9DA3-4B73-92EF-90E102282D92}.Release|Any CPU.ActiveCfg = Release|Any CPU
		{D4D0B9C4-9DA3-4B73-92EF-90E102282D92}.Release|Any CPU.Build.0 = Release|Any CPU
		{C51936CD-FA35-4771-91F3-14963E718968}.Debug|Any CPU.ActiveCfg = Debug|Any CPU
		{C51936CD-FA35-4771-91F3-14963E718968}.Debug|Any CPU.Build.0 = Debug|Any CPU
		{C51936CD-FA35-4771-91F3-14963E718968}.Release|Any CPU.ActiveCfg = Release|Any CPU
		{C51936CD-FA35-4771-91F3-14963E718968}.Release|Any CPU.Build.0 = Release|Any CPU
	EndGlobalSection
	GlobalSection(SolutionProperties) = preSolution
		HideSolutionNode = FALSE
	EndGlobalSection
	GlobalSection(ExtensibilityGlobals) = postSolution
		SolutionGuid = {4FE8E337-3C45-4FE3-904E-D3BC1E0D879C}
	EndGlobalSection
EndGlobal
