
Microsoft Visual Studio Solution File, Format Version 12.00
# Visual Studio Version 17
VisualStudioVersion = 17.9.34616.47
MinimumVisualStudioVersion = 10.0.40219.1
Project("{FAE04EC0-301F-11D3-BF4B-00C04F79EFBC}") = "Demo_App_1", "Demo_App_1\Demo_App_1.csproj", "{FECAD57C-A41D-46FE-9BC6-9D1B85235060}"
EndProject
Global
	GlobalSection(SolutionConfigurationPlatforms) = preSolution
		Debug|Any CPU = Debug|Any CPU
		Release|Any CPU = Release|Any CPU
	EndGlobalSection
	GlobalSection(ProjectConfigurationPlatforms) = postSolution
		{FECAD57C-A41D-46FE-9BC6-9D1B85235060}.Debug|Any CPU.ActiveCfg = Debug|Any CPU
		{FECAD57C-A41D-46FE-9BC6-9D1B85235060}.Debug|Any CPU.Build.0 = Debug|Any CPU
		{FECAD57C-A41D-46FE-9BC6-9D1B85235060}.Release|Any CPU.ActiveCfg = Release|Any CPU
		{FECAD57C-A41D-46FE-9BC6-9D1B85235060}.Release|Any CPU.Build.0 = Release|Any CPU
	EndGlobalSection
	GlobalSection(SolutionProperties) = preSolution
		HideSolutionNode = FALSE
	EndGlobalSection
	GlobalSection(ExtensibilityGlobals) = postSolution
		SolutionGuid = {A7598C3E-5046-4922-B5F9-B6710EE978A2}
	EndGlobalSection
EndGlobal
